
Microsoft Visual Studio Solution File, Format Version 12.00
# Visual Studio Version 17
VisualStudioVersion = 17.3.32804.467
MinimumVisualStudioVersion = 10.0.40219.1
Project("{FAE04EC0-301F-11D3-BF4B-00C04F79EFBC}") = "WebApplication7", "WebApplication7\WebApplication7.csproj", "{56309871-75AF-49F5-ABFA-0BE3C9CA320B}"
EndProject
Global
	GlobalSection(SolutionConfigurationPlatforms) = preSolution
		Debug|Any CPU = Debug|Any CPU
		Release|Any CPU = Release|Any CPU
	EndGlobalSection
	GlobalSection(ProjectConfigurationPlatforms) = postSolution
		{56309871-75AF-49F5-ABFA-0BE3C9CA320B}.Debug|Any CPU.ActiveCfg = Debug|Any CPU
		{56309871-75AF-49F5-ABFA-0BE3C9CA320B}.Debug|Any CPU.Build.0 = Debug|Any CPU
		{56309871-75AF-49F5-ABFA-0BE3C9CA320B}.Release|Any CPU.ActiveCfg = Release|Any CPU
		{56309871-75AF-49F5-ABFA-0BE3C9CA320B}.Release|Any CPU.Build.0 = Release|Any CPU
	EndGlobalSection
	GlobalSection(SolutionProperties) = preSolution
		HideSolutionNode = FALSE
	EndGlobalSection
	GlobalSection(ExtensibilityGlobals) = postSolution
		SolutionGuid = {19E1D11F-E1E5-4536-8792-9FD483D0F666}
	EndGlobalSection
EndGlobal
